
Microsoft Visual Studio Solution File, Format Version 12.00
# Visual Studio Version 17
VisualStudioVersion = 17.10.35122.118
MinimumVisualStudioVersion = 10.0.40219.1
Project("{FAE04EC0-301F-11D3-BF4B-00C04F79EFBC}") = "Reverse string", "Reverse string\Reverse string.csproj", "{1EC6E9B8-5CBE-4C3F-9E15-9D5C5195BD29}"
EndProject
Global
	GlobalSection(SolutionConfigurationPlatforms) = preSolution
		Debug|Any CPU = Debug|Any CPU
		Release|Any CPU = Release|Any CPU
	EndGlobalSection
	GlobalSection(ProjectConfigurationPlatforms) = postSolution
		{1EC6E9B8-5CBE-4C3F-9E15-9D5C5195BD29}.Debug|Any CPU.ActiveCfg = Debug|Any CPU
		{1EC6E9B8-5CBE-4C3F-9E15-9D5C5195BD29}.Debug|Any CPU.Build.0 = Debug|Any CPU
		{1EC6E9B8-5CBE-4C3F-9E15-9D5C5195BD29}.Release|Any CPU.ActiveCfg = Release|Any CPU
		{1EC6E9B8-5CBE-4C3F-9E15-9D5C5195BD29}.Release|Any CPU.Build.0 = Release|Any CPU
	EndGlobalSection
	GlobalSection(SolutionProperties) = preSolution
		HideSolutionNode = FALSE
	EndGlobalSection
	GlobalSection(ExtensibilityGlobals) = postSolution
		SolutionGuid = {061CB66B-664A-468B-9086-A43C6633CB5E}
	EndGlobalSection
EndGlobal
